
Microsoft Visual Studio Solution File, Format Version 12.00
# Visual Studio Version 17
VisualStudioVersion = 17.9.34723.18
MinimumVisualStudioVersion = 10.0.40219.1
Project("{FAE04EC0-301F-11D3-BF4B-00C04F79EFBC}") = "SoapService", "SoapService.csproj", "{D0BCCAB5-CF52-426D-9D28-9E3F34CCDB30}"
EndProject
Global
	GlobalSection(SolutionConfigurationPlatforms) = preSolution
		Debug|Any CPU = Debug|Any CPU
		Release|Any CPU = Release|Any CPU
	EndGlobalSection
	GlobalSection(ProjectConfigurationPlatforms) = postSolution
		{D0BCCAB5-CF52-426D-9D28-9E3F34CCDB30}.Debug|Any CPU.ActiveCfg = Debug|Any CPU
		{D0BCCAB5-CF52-426D-9D28-9E3F34CCDB30}.Debug|Any CPU.Build.0 = Debug|Any CPU
		{D0BCCAB5-CF52-426D-9D28-9E3F34CCDB30}.Release|Any CPU.ActiveCfg = Release|Any CPU
		{D0BCCAB5-CF52-426D-9D28-9E3F34CCDB30}.Release|Any CPU.Build.0 = Release|Any CPU
	EndGlobalSection
	GlobalSection(SolutionProperties) = preSolution
		HideSolutionNode = FALSE
	EndGlobalSection
	GlobalSection(ExtensibilityGlobals) = postSolution
		SolutionGuid = {102B54BA-A6F0-4C02-A9E1-536B9F788509}
	EndGlobalSection
EndGlobal
